// !$*UTF8*$!
{
	archiveVersion = 1;
	classes = {
	};
	objectVersion = 50;
	objects = {

/* Begin PBXBuildFile section */
		6F63D94520E45456007C70D8 /* GameCamera.swift in Sources */ = {isa = PBXBuildFile; fileRef = 6F63D94420E45456007C70D8 /* GameCamera.swift */; };
		6F7B67F920E5A4FB00D0C5F4 /* Configuration.swift in Sources */ = {isa = PBXBuildFile; fileRef = 6F7B67F820E5A4FB00D0C5F4 /* Configuration.swift */; };
		6F7B67FB20E5A89900D0C5F4 /* Rock.swift in Sources */ = {isa = PBXBuildFile; fileRef = 6F7B67FA20E5A89900D0C5F4 /* Rock.swift */; };
		6FA6436220EC471D00907795 /* Block.swift in Sources */ = {isa = PBXBuildFile; fileRef = 6FA6436120EC471D00907795 /* Block.swift */; };
		6FCC234A20E2ED57005830A3 /* AppDelegate.swift in Sources */ = {isa = PBXBuildFile; fileRef = 6FCC234920E2ED57005830A3 /* AppDelegate.swift */; };
		6FCC234C20E2ED57005830A3 /* GameScene.sks in Resources */ = {isa = PBXBuildFile; fileRef = 6FCC234B20E2ED57005830A3 /* GameScene.sks */; };
		6FCC235020E2ED57005830A3 /* GameScene.swift in Sources */ = {isa = PBXBuildFile; fileRef = 6FCC234F20E2ED57005830A3 /* GameScene.swift */; };
		6FCC235220E2ED57005830A3 /* GameViewController.swift in Sources */ = {isa = PBXBuildFile; fileRef = 6FCC235120E2ED57005830A3 /* GameViewController.swift */; };
		6FCC235520E2ED57005830A3 /* Main.storyboard in Resources */ = {isa = PBXBuildFile; fileRef = 6FCC235320E2ED57005830A3 /* Main.storyboard */; };
		6FCC235720E2ED59005830A3 /* Assets.xcassets in Resources */ = {isa = PBXBuildFile; fileRef = 6FCC235620E2ED59005830A3 /* Assets.xcassets */; };
		6FCC235A20E2ED59005830A3 /* LaunchScreen.storyboard in Resources */ = {isa = PBXBuildFile; fileRef = 6FCC235820E2ED59005830A3 /* LaunchScreen.storyboard */; };
		6FCC236220E2F140005830A3 /* SlingshotTileSet.sks in Resources */ = {isa = PBXBuildFile; fileRef = 6FCC236120E2F140005830A3 /* SlingshotTileSet.sks */; };
		6FCC6CD220F4047B00267D18 /* SKNode+Extensions.swift in Sources */ = {isa = PBXBuildFile; fileRef = 6FCC6CD120F4047B00267D18 /* SKNode+Extensions.swift */; };
		6FCC6CD420F4062900267D18 /* MenuScene.swift in Sources */ = {isa = PBXBuildFile; fileRef = 6FCC6CD320F4062900267D18 /* MenuScene.swift */; };
		6FCC6CD620F4063D00267D18 /* LevelScene.swift in Sources */ = {isa = PBXBuildFile; fileRef = 6FCC6CD520F4063D00267D18 /* LevelScene.swift */; };
/* End PBXBuildFile section */

/* Begin PBXFileReference section */
		6F63D94420E45456007C70D8 /* GameCamera.swift */ = {isa = PBXFileReference; lastKnownFileType = sourcecode.swift; path = GameCamera.swift; sourceTree = "<group>"; };
		6F7B67F820E5A4FB00D0C5F4 /* Configuration.swift */ = {isa = PBXFileReference; lastKnownFileType = sourcecode.swift; path = Configuration.swift; sourceTree = "<group>"; };
		6F7B67FA20E5A89900D0C5F4 /* Rock.swift */ = {isa = PBXFileReference; lastKnownFileType = sourcecode.swift; path = Rock.swift; sourceTree = "<group>"; };
		6FA6436120EC471D00907795 /* Block.swift */ = {isa = PBXFileReference; lastKnownFileType = sourcecode.swift; path = Block.swift; sourceTree = "<group>"; };
		6FCC234620E2ED57005830A3 /* Slingshot.app */ = {isa = PBXFileReference; explicitFileType = wrapper.application; includeInIndex = 0; path = Slingshot.app; sourceTree = BUILT_PRODUCTS_DIR; };
		6FCC234920E2ED57005830A3 /* AppDelegate.swift */ = {isa = PBXFileReference; lastKnownFileType = sourcecode.swift; path = AppDelegate.swift; sourceTree = "<group>"; };
		6FCC234B20E2ED57005830A3 /* GameScene.sks */ = {isa = PBXFileReference; lastKnownFileType = file.sks; path = GameScene.sks; sourceTree = "<group>"; };
		6FCC234F20E2ED57005830A3 /* GameScene.swift */ = {isa = PBXFileReference; lastKnownFileType = sourcecode.swift; path = GameScene.swift; sourceTree = "<group>"; };
		6FCC235120E2ED57005830A3 /* GameViewController.swift */ = {isa = PBXFileReference; lastKnownFileType = sourcecode.swift; path = GameViewController.swift; sourceTree = "<group>"; };
		6FCC235420E2ED57005830A3 /* Base */ = {isa = PBXFileReference; lastKnownFileType = file.storyboard; name = Base; path = Base.lproj/Main.storyboard; sourceTree = "<group>"; };
		6FCC235620E2ED59005830A3 /* Assets.xcassets */ = {isa = PBXFileReference; lastKnownFileType = folder.assetcatalog; path = Assets.xcassets; sourceTree = "<group>"; };
		6FCC235920E2ED59005830A3 /* Base */ = {isa = PBXFileReference; lastKnownFileType = file.storyboard; name = Base; path = Base.lproj/LaunchScreen.storyboard; sourceTree = "<group>"; };
		6FCC235B20E2ED59005830A3 /* Info.plist */ = {isa = PBXFileReference; lastKnownFileType = text.plist.xml; path = Info.plist; sourceTree = "<group>"; };
		6FCC236120E2F140005830A3 /* SlingshotTileSet.sks */ = {isa = PBXFileReference; lastKnownFileType = file.sks; path = SlingshotTileSet.sks; sourceTree = "<group>"; };
		6FCC6CD120F4047B00267D18 /* SKNode+Extensions.swift */ = {isa = PBXFileReference; lastKnownFileType = sourcecode.swift; path = "SKNode+Extensions.swift"; sourceTree = "<group>"; };
		6FCC6CD320F4062900267D18 /* MenuScene.swift */ = {isa = PBXFileReference; lastKnownFileType = sourcecode.swift; path = MenuScene.swift; sourceTree = "<group>"; };
		6FCC6CD520F4063D00267D18 /* LevelScene.swift */ = {isa = PBXFileReference; lastKnownFileType = sourcecode.swift; path = LevelScene.swift; sourceTree = "<group>"; };
/* End PBXFileReference section */

/* Begin PBXFrameworksBuildPhase section */
		6FCC234320E2ED57005830A3 /* Frameworks */ = {
			isa = PBXFrameworksBuildPhase;
			buildActionMask = 2147483647;
			files = (
			);
			runOnlyForDeploymentPostprocessing = 0;
		};
/* End PBXFrameworksBuildPhase section */

/* Begin PBXGroup section */
		6F63D94320E45436007C70D8 /* Custom Nodes */ = {
			isa = PBXGroup;
			children = (
				6F63D94420E45456007C70D8 /* GameCamera.swift */,
				6F7B67FA20E5A89900D0C5F4 /* Rock.swift */,
				6FA6436120EC471D00907795 /* Block.swift */,
			);
			path = "Custom Nodes";
			sourceTree = "<group>";
		};
		6FCC233D20E2ED57005830A3 = {
			isa = PBXGroup;
			children = (
				6FCC234820E2ED57005830A3 /* Slingshot */,
				6FCC234720E2ED57005830A3 /* Products */,
			);
			sourceTree = "<group>";
		};
		6FCC234720E2ED57005830A3 /* Products */ = {
			isa = PBXGroup;
			children = (
				6FCC234620E2ED57005830A3 /* Slingshot.app */,
			);
			name = Products;
			sourceTree = "<group>";
		};
		6FCC234820E2ED57005830A3 /* Slingshot */ = {
			isa = PBXGroup;
			children = (
				6FCC6CD020F4044200267D18 /* Extensions */,
				6F63D94320E45436007C70D8 /* Custom Nodes */,
				6FCC236820E2F5B9005830A3 /* TileSets */,
				6FCC236720E2F58A005830A3 /* UI */,
				6FCC236620E2F56C005830A3 /* Scenes */,
				6FCC236520E2F566005830A3 /* ViewController */,
				6FCC235B20E2ED59005830A3 /* Info.plist */,
				6FCC236420E2F560005830A3 /* Template */,
			);
			path = Slingshot;
			sourceTree = "<group>";
		};
		6FCC236420E2F560005830A3 /* Template */ = {
			isa = PBXGroup;
			children = (
				6FCC234920E2ED57005830A3 /* AppDelegate.swift */,
				6F7B67F820E5A4FB00D0C5F4 /* Configuration.swift */,
			);
			path = Template;
			sourceTree = "<group>";
		};
		6FCC236520E2F566005830A3 /* ViewController */ = {
			isa = PBXGroup;
			children = (
				6FCC235120E2ED57005830A3 /* GameViewController.swift */,
			);
			path = ViewController;
			sourceTree = "<group>";
		};
		6FCC236620E2F56C005830A3 /* Scenes */ = {
			isa = PBXGroup;
			children = (
				6FCC234B20E2ED57005830A3 /* GameScene.sks */,
				6FCC234F20E2ED57005830A3 /* GameScene.swift */,
				6FCC6CD320F4062900267D18 /* MenuScene.swift */,
				6FCC6CD520F4063D00267D18 /* LevelScene.swift */,
			);
			path = Scenes;
			sourceTree = "<group>";
		};
		6FCC236720E2F58A005830A3 /* UI */ = {
			isa = PBXGroup;
			children = (
				6FCC235320E2ED57005830A3 /* Main.storyboard */,
				6FCC235620E2ED59005830A3 /* Assets.xcassets */,
				6FCC235820E2ED59005830A3 /* LaunchScreen.storyboard */,
			);
			path = UI;
			sourceTree = "<group>";
		};
		6FCC236820E2F5B9005830A3 /* TileSets */ = {
			isa = PBXGroup;
			children = (
				6FCC236120E2F140005830A3 /* SlingshotTileSet.sks */,
			);
			path = TileSets;
			sourceTree = "<group>";
		};
		6FCC6CD020F4044200267D18 /* Extensions */ = {
			isa = PBXGroup;
			children = (
				6FCC6CD120F4047B00267D18 /* SKNode+Extensions.swift */,
			);
			path = Extensions;
			sourceTree = "<group>";
		};
/* End PBXGroup section */

/* Begin PBXNativeTarget section */
		6FCC234520E2ED57005830A3 /* Slingshot */ = {
			isa = PBXNativeTarget;
			buildConfigurationList = 6FCC235E20E2ED59005830A3 /* Build configuration list for PBXNativeTarget "Slingshot" */;
			buildPhases = (
				6FCC234220E2ED57005830A3 /* Sources */,
				6FCC234320E2ED57005830A3 /* Frameworks */,
				6FCC234420E2ED57005830A3 /* Resources */,
			);
			buildRules = (
			);
			dependencies = (
			);
			name = Slingshot;
			productName = Slingshot;
			productReference = 6FCC234620E2ED57005830A3 /* Slingshot.app */;
			productType = "com.apple.product-type.application";
		};
/* End PBXNativeTarget section */

/* Begin PBXProject section */
		6FCC233E20E2ED57005830A3 /* Project object */ = {
			isa = PBXProject;
			attributes = {
				LastSwiftUpdateCheck = 0940;
				LastUpgradeCheck = 0940;
				ORGANIZATIONNAME = "Anish Ali";
				TargetAttributes = {
					6FCC234520E2ED57005830A3 = {
						CreatedOnToolsVersion = 9.4.1;
					};
				};
			};
			buildConfigurationList = 6FCC234120E2ED57005830A3 /* Build configuration list for PBXProject "Slingshot" */;
			compatibilityVersion = "Xcode 9.3";
			developmentRegion = en;
			hasScannedForEncodings = 0;
			knownRegions = (
				en,
				Base,
			);
			mainGroup = 6FCC233D20E2ED57005830A3;
			productRefGroup = 6FCC234720E2ED57005830A3 /* Products */;
			projectDirPath = "";
			projectRoot = "";
			targets = (
				6FCC234520E2ED57005830A3 /* Slingshot */,
			);
		};
/* End PBXProject section */

/* Begin PBXResourcesBuildPhase section */
		6FCC234420E2ED57005830A3 /* Resources */ = {
			isa = PBXResourcesBuildPhase;
			buildActionMask = 2147483647;
			files = (
				6FCC235520E2ED57005830A3 /* Main.storyboard in Resources */,
				6FCC234C20E2ED57005830A3 /* GameScene.sks in Resources */,
				6FCC235720E2ED59005830A3 /* Assets.xcassets in Resources */,
				6FCC235A20E2ED59005830A3 /* LaunchScreen.storyboard in Resources */,
				6FCC236220E2F140005830A3 /* SlingshotTileSet.sks in Resources */,
			);
			runOnlyForDeploymentPostprocessing = 0;
		};
/* End PBXResourcesBuildPhase section */

/* Begin PBXSourcesBuildPhase section */
		6FCC234220E2ED57005830A3 /* Sources */ = {
			isa = PBXSourcesBuildPhase;
			buildActionMask = 2147483647;
			files = (
				6F7B67FB20E5A89900D0C5F4 /* Rock.swift in Sources */,
				6FCC6CD220F4047B00267D18 /* SKNode+Extensions.swift in Sources */,
				6FA6436220EC471D00907795 /* Block.swift in Sources */,
				6FCC6CD420F4062900267D18 /* MenuScene.swift in Sources */,
				6FCC235020E2ED57005830A3 /* GameScene.swift in Sources */,
				6F7B67F920E5A4FB00D0C5F4 /* Configuration.swift in Sources */,
				6FCC235220E2ED57005830A3 /* GameViewController.swift in Sources */,
				6F63D94520E45456007C70D8 /* GameCamera.swift in Sources */,
				6FCC234A20E2ED57005830A3 /* AppDelegate.swift in Sources */,
				6FCC6CD620F4063D00267D18 /* LevelScene.swift in Sources */,
			);
			runOnlyForDeploymentPostprocessing = 0;
		};
/* End PBXSourcesBuildPhase section */

/* Begin PBXVariantGroup section */
		6FCC235320E2ED57005830A3 /* Main.storyboard */ = {
			isa = PBXVariantGroup;
			children = (
				6FCC235420E2ED57005830A3 /* Base */,
			);
			name = Main.storyboard;
			sourceTree = "<group>";
		};
		6FCC235820E2ED59005830A3 /* LaunchScreen.storyboard */ = {
			isa = PBXVariantGroup;
			children = (
				6FCC235920E2ED59005830A3 /* Base */,
			);
			name = LaunchScreen.storyboard;
			sourceTree = "<group>";
		};
/* End PBXVariantGroup section */

/* Begin XCBuildConfiguration section */
		6FCC235C20E2ED59005830A3 /* Debug */ = {
			isa = XCBuildConfiguration;
			buildSettings = {
				ALWAYS_SEARCH_USER_PATHS = NO;
				CLANG_ANALYZER_NONNULL = YES;
				CLANG_ANALYZER_NUMBER_OBJECT_CONVERSION = YES_AGGRESSIVE;
				CLANG_CXX_LANGUAGE_STANDARD = "gnu++14";
				CLANG_CXX_LIBRARY = "libc++";
				CLANG_ENABLE_MODULES = YES;
				CLANG_ENABLE_OBJC_ARC = YES;
				CLANG_ENABLE_OBJC_WEAK = YES;
				CLANG_WARN_BLOCK_CAPTURE_AUTORELEASING = YES;
				CLANG_WARN_BOOL_CONVERSION = YES;
				CLANG_WARN_COMMA = YES;
				CLANG_WARN_CONSTANT_CONVERSION = YES;
				CLANG_WARN_DEPRECATED_OBJC_IMPLEMENTATIONS = YES;
				CLANG_WARN_DIRECT_OBJC_ISA_USAGE = YES_ERROR;
				CLANG_WARN_DOCUMENTATION_COMMENTS = YES;
				CLANG_WARN_EMPTY_BODY = YES;
				CLANG_WARN_ENUM_CONVERSION = YES;
				CLANG_WARN_INFINITE_RECURSION = YES;
				CLANG_WARN_INT_CONVERSION = YES;
				CLANG_WARN_NON_LITERAL_NULL_CONVERSION = YES;
				CLANG_WARN_OBJC_IMPLICIT_RETAIN_SELF = YES;
				CLANG_WARN_OBJC_LITERAL_CONVERSION = YES;
				CLANG_WARN_OBJC_ROOT_CLASS = YES_ERROR;
				CLANG_WARN_RANGE_LOOP_ANALYSIS = YES;
				CLANG_WARN_STRICT_PROTOTYPES = YES;
				CLANG_WARN_SUSPICIOUS_MOVE = YES;
				CLANG_WARN_UNGUARDED_AVAILABILITY = YES_AGGRESSIVE;
				CLANG_WARN_UNREACHABLE_CODE = YES;
				CLANG_WARN__DUPLICATE_METHOD_MATCH = YES;
				CODE_SIGN_IDENTITY = "iPhone Developer";
				COPY_PHASE_STRIP = NO;
				DEBUG_INFORMATION_FORMAT = dwarf;
				ENABLE_STRICT_OBJC_MSGSEND = YES;
				ENABLE_TESTABILITY = YES;
				GCC_C_LANGUAGE_STANDARD = gnu11;
				GCC_DYNAMIC_NO_PIC = NO;
				GCC_NO_COMMON_BLOCKS = YES;
				GCC_OPTIMIZATION_LEVEL = 0;
				GCC_PREPROCESSOR_DEFINITIONS = (
					"DEBUG=1",
					"$(inherited)",
				);
				GCC_WARN_64_TO_32_BIT_CONVERSION = YES;
				GCC_WARN_ABOUT_RETURN_TYPE = YES_ERROR;
				GCC_WARN_UNDECLARED_SELECTOR = YES;
				GCC_WARN_UNINITIALIZED_AUTOS = YES_AGGRESSIVE;
				GCC_WARN_UNUSED_FUNCTION = YES;
				GCC_WARN_UNUSED_VARIABLE = YES;
				IPHONEOS_DEPLOYMENT_TARGET = 11.4;
				MTL_ENABLE_DEBUG_INFO = YES;
				ONLY_ACTIVE_ARCH = YES;
				SDKROOT = iphoneos;
				SWIFT_ACTIVE_COMPILATION_CONDITIONS = DEBUG;
				SWIFT_OPTIMIZATION_LEVEL = "-Onone";
			};
			name = Debug;
		};
		6FCC235D20E2ED59005830A3 /* Release */ = {
			isa = XCBuildConfiguration;
			buildSettings = {
				ALWAYS_SEARCH_USER_PATHS = NO;
				CLANG_ANALYZER_NONNULL = YES;
				CLANG_ANALYZER_NUMBER_OBJECT_CONVERSION = YES_AGGRESSIVE;
				CLANG_CXX_LANGUAGE_STANDARD = "gnu++14";
				CLANG_CXX_LIBRARY = "libc++";
				CLANG_ENABLE_MODULES = YES;
				CLANG_ENABLE_OBJC_ARC = YES;
				CLANG_ENABLE_OBJC_WEAK = YES;
				CLANG_WARN_BLOCK_CAPTURE_AUTORELEASING = YES;
				CLANG_WARN_BOOL_CONVERSION = YES;
				CLANG_WARN_COMMA = YES;
				CLANG_WARN_CONSTANT_CONVERSION = YES;
				CLANG_WARN_DEPRECATED_OBJC_IMPLEMENTATIONS = YES;
				CLANG_WARN_DIRECT_OBJC_ISA_USAGE = YES_ERROR;
				CLANG_WARN_DOCUMENTATION_COMMENTS = YES;
				CLANG_WARN_EMPTY_BODY = YES;
				CLANG_WARN_ENUM_CONVERSION = YES;
				CLANG_WARN_INFINITE_RECURSION = YES;
				CLANG_WARN_INT_CONVERSION = YES;
				CLANG_WARN_NON_LITERAL_NULL_CONVERSION = YES;
				CLANG_WARN_OBJC_IMPLICIT_RETAIN_SELF = YES;
				CLANG_WARN_OBJC_LITERAL_CONVERSION = YES;
				CLANG_WARN_OBJC_ROOT_CLASS = YES_ERROR;
				CLANG_WARN_RANGE_LOOP_ANALYSIS = YES;
				CLANG_WARN_STRICT_PROTOTYPES = YES;
				CLANG_WARN_SUSPICIOUS_MOVE = YES;
				CLANG_WARN_UNGUARDED_AVAILABILITY = YES_AGGRESSIVE;
				CLANG_WARN_UNREACHABLE_CODE = YES;
				CLANG_WARN__DUPLICATE_METHOD_MATCH = YES;
				CODE_SIGN_IDENTITY = "iPhone Developer";
				COPY_PHASE_STRIP = NO;
				DEBUG_INFORMATION_FORMAT = "dwarf-with-dsym";
				ENABLE_NS_ASSERTIONS = NO;
				ENABLE_STRICT_OBJC_MSGSEND = YES;
				GCC_C_LANGUAGE_STANDARD = gnu11;
				GCC_NO_COMMON_BLOCKS = YES;
				GCC_WARN_64_TO_32_BIT_CONVERSION = YES;
				GCC_WARN_ABOUT_RETURN_TYPE = YES_ERROR;
				GCC_WARN_UNDECLARED_SELECTOR = YES;
				GCC_WARN_UNINITIALIZED_AUTOS = YES_AGGRESSIVE;
				GCC_WARN_UNUSED_FUNCTION = YES;
				GCC_WARN_UNUSED_VARIABLE = YES;
				IPHONEOS_DEPLOYMENT_TARGET = 11.4;
				MTL_ENABLE_DEBUG_INFO = NO;
				SDKROOT = iphoneos;
				SWIFT_COMPILATION_MODE = wholemodule;
				SWIFT_OPTIMIZATION_LEVEL = "-O";
				VALIDATE_PRODUCT = YES;
			};
			name = Release;
		};
		6FCC235F20E2ED59005830A3 /* Debug */ = {
			isa = XCBuildConfiguration;
			buildSettings = {
				ASSETCATALOG_COMPILER_APPICON_NAME = AppIcon;
				CODE_SIGN_STYLE = Automatic;
				DEVELOPMENT_TEAM = LR6495F36R;
				INFOPLIST_FILE = Slingshot/Info.plist;
				LD_RUNPATH_SEARCH_PATHS = (
					"$(inherited)",
					"@executable_path/Frameworks",
				);
				PRODUCT_BUNDLE_IDENTIFIER = com.anish.Slingshot;
				PRODUCT_NAME = "$(TARGET_NAME)";
				SWIFT_VERSION = 4.0;
				TARGETED_DEVICE_FAMILY = "1,2";
			};
			name = Debug;
		};
		6FCC236020E2ED59005830A3 /* Release */ = {
			isa = XCBuildConfiguration;
			buildSettings = {
				ASSETCATALOG_COMPILER_APPICON_NAME = AppIcon;
				CODE_SIGN_STYLE = Automatic;
				DEVELOPMENT_TEAM = LR6495F36R;
				INFOPLIST_FILE = Slingshot/Info.plist;
				LD_RUNPATH_SEARCH_PATHS = (
					"$(inherited)",
					"@executable_path/Frameworks",
				);
				PRODUCT_BUNDLE_IDENTIFIER = com.anish.Slingshot;
				PRODUCT_NAME = "$(TARGET_NAME)";
				SWIFT_VERSION = 4.0;
				TARGETED_DEVICE_FAMILY = "1,2";
			};
			name = Release;
		};
/* End XCBuildConfiguration section */

/* Begin XCConfigurationList section */
		6FCC234120E2ED57005830A3 /* Build configuration list for PBXProject "Slingshot" */ = {
			isa = XCConfigurationList;
			buildConfigurations = (
				6FCC235C20E2ED59005830A3 /* Debug */,
				6FCC235D20E2ED59005830A3 /* Release */,
			);
			defaultConfigurationIsVisible = 0;
			defaultConfigurationName = Release;
		};
		6FCC235E20E2ED59005830A3 /* Build configuration list for PBXNativeTarget "Slingshot" */ = {
			isa = XCConfigurationList;
			buildConfigurations = (
				6FCC235F20E2ED59005830A3 /* Debug */,
				6FCC236020E2ED59005830A3 /* Release */,
			);
			defaultConfigurationIsVisible = 0;
			defaultConfigurationName = Release;
		};
/* End XCConfigurationList section */
	};
	rootObject = 6FCC233E20E2ED57005830A3 /* Project object */;
}
